// !$*UTF8*$!
{
	archiveVersion = 1;
	classes = {
	};
	objectVersion = 55;
	objects = {

/* Begin PBXBuildFile section */
		09D7B62629A4982F0018D1E3 /* AppDelegate.swift in Sources */ = {isa = PBXBuildFile; fileRef = 09D7B62529A4982F0018D1E3 /* AppDelegate.swift */; };
		09D7B62829A4982F0018D1E3 /* SceneDelegate.swift in Sources */ = {isa = PBXBuildFile; fileRef = 09D7B62729A4982F0018D1E3 /* SceneDelegate.swift */; };
		09D7B62F29A498300018D1E3 /* Assets.xcassets in Resources */ = {isa = PBXBuildFile; fileRef = 09D7B62E29A498300018D1E3 /* Assets.xcassets */; };
		09D7B63229A498300018D1E3 /* LaunchScreen.storyboard in Resources */ = {isa = PBXBuildFile; fileRef = 09D7B63029A498300018D1E3 /* LaunchScreen.storyboard */; };
		09D7B63E29A49B850018D1E3 /* StoryboardLoadable.swift in Sources */ = {isa = PBXBuildFile; fileRef = 09D7B63D29A49B850018D1E3 /* StoryboardLoadable.swift */; };
		09D7B64029A49B960018D1E3 /* Presentable.swift in Sources */ = {isa = PBXBuildFile; fileRef = 09D7B63F29A49B960018D1E3 /* Presentable.swift */; };
		09D7B64229A49BA20018D1E3 /* Coordinator.swift in Sources */ = {isa = PBXBuildFile; fileRef = 09D7B64129A49BA20018D1E3 /* Coordinator.swift */; };
		09D7B64429A49BB20018D1E3 /* TabBarPresentable.swift in Sources */ = {isa = PBXBuildFile; fileRef = 09D7B64329A49BB20018D1E3 /* TabBarPresentable.swift */; };
		09D7B64729A49BF30018D1E3 /* NSObject + Extension.swift in Sources */ = {isa = PBXBuildFile; fileRef = 09D7B64629A49BF30018D1E3 /* NSObject + Extension.swift */; };
		09D7B64C29A49D360018D1E3 /* BaseViewController.swift in Sources */ = {isa = PBXBuildFile; fileRef = 09D7B64B29A49D360018D1E3 /* BaseViewController.swift */; };
		09D7B64E29A49D4B0018D1E3 /* BaseCoordinator.swift in Sources */ = {isa = PBXBuildFile; fileRef = 09D7B64D29A49D4B0018D1E3 /* BaseCoordinator.swift */; };
		09D7B65329A49E180018D1E3 /* App.swift in Sources */ = {isa = PBXBuildFile; fileRef = 09D7B65229A49E180018D1E3 /* App.swift */; };
		09D7B65829A4A06C0018D1E3 /* AppCoordinator.swift in Sources */ = {isa = PBXBuildFile; fileRef = 09D7B65729A4A06C0018D1E3 /* AppCoordinator.swift */; };
		09D7B65D29A4A0E30018D1E3 /* Resolver.swift in Sources */ = {isa = PBXBuildFile; fileRef = 09D7B65C29A4A0E30018D1E3 /* Resolver.swift */; };
		09D7B65F29A4A0F20018D1E3 /* ServiceAssembly.swift in Sources */ = {isa = PBXBuildFile; fileRef = 09D7B65E29A4A0F20018D1E3 /* ServiceAssembly.swift */; };
		09D7B66129A4A1010018D1E3 /* CoordinatorAssembly.swift in Sources */ = {isa = PBXBuildFile; fileRef = 09D7B66029A4A1010018D1E3 /* CoordinatorAssembly.swift */; };
		09D7B66329A4A1430018D1E3 /* Router.swift in Sources */ = {isa = PBXBuildFile; fileRef = 09D7B66229A4A1430018D1E3 /* Router.swift */; };
		09D7B66B29A4AA3A0018D1E3 /* TVError.swift in Sources */ = {isa = PBXBuildFile; fileRef = 09D7B66A29A4AA3A0018D1E3 /* TVError.swift */; };
		09D7B66D29A4AA900018D1E3 /* Network.swift in Sources */ = {isa = PBXBuildFile; fileRef = 09D7B66C29A4AA900018D1E3 /* Network.swift */; };
		09D7B66F29A4AAAE0018D1E3 /* NetworkClient.swift in Sources */ = {isa = PBXBuildFile; fileRef = 09D7B66E29A4AAAE0018D1E3 /* NetworkClient.swift */; };
		09D7B67329A4AB600018D1E3 /* EndpointProtocol.swift in Sources */ = {isa = PBXBuildFile; fileRef = 09D7B67229A4AB600018D1E3 /* EndpointProtocol.swift */; };
		09D7B67829A4B0290018D1E3 /* OnAirTvSeriesEndpoint.swift in Sources */ = {isa = PBXBuildFile; fileRef = 09D7B67729A4B0290018D1E3 /* OnAirTvSeriesEndpoint.swift */; };
		4D5905504039024A1C898428 /* Pods_TVApp.framework in Frameworks */ = {isa = PBXBuildFile; fileRef = 3B5D163E7A4018A1D226F315 /* Pods_TVApp.framework */; };
/* End PBXBuildFile section */

/* Begin PBXFileReference section */
		09D7B62229A4982F0018D1E3 /* TVApp.app */ = {isa = PBXFileReference; explicitFileType = wrapper.application; includeInIndex = 0; path = TVApp.app; sourceTree = BUILT_PRODUCTS_DIR; };
		09D7B62529A4982F0018D1E3 /* AppDelegate.swift */ = {isa = PBXFileReference; lastKnownFileType = sourcecode.swift; path = AppDelegate.swift; sourceTree = "<group>"; };
		09D7B62729A4982F0018D1E3 /* SceneDelegate.swift */ = {isa = PBXFileReference; lastKnownFileType = sourcecode.swift; path = SceneDelegate.swift; sourceTree = "<group>"; };
		09D7B62E29A498300018D1E3 /* Assets.xcassets */ = {isa = PBXFileReference; lastKnownFileType = folder.assetcatalog; path = Assets.xcassets; sourceTree = "<group>"; };
		09D7B63129A498300018D1E3 /* Base */ = {isa = PBXFileReference; lastKnownFileType = file.storyboard; name = Base; path = Base.lproj/LaunchScreen.storyboard; sourceTree = "<group>"; };
		09D7B63329A498300018D1E3 /* Info.plist */ = {isa = PBXFileReference; lastKnownFileType = text.plist.xml; path = Info.plist; sourceTree = "<group>"; };
		09D7B63D29A49B850018D1E3 /* StoryboardLoadable.swift */ = {isa = PBXFileReference; lastKnownFileType = sourcecode.swift; path = StoryboardLoadable.swift; sourceTree = "<group>"; };
		09D7B63F29A49B960018D1E3 /* Presentable.swift */ = {isa = PBXFileReference; lastKnownFileType = sourcecode.swift; path = Presentable.swift; sourceTree = "<group>"; };
		09D7B64129A49BA20018D1E3 /* Coordinator.swift */ = {isa = PBXFileReference; lastKnownFileType = sourcecode.swift; path = Coordinator.swift; sourceTree = "<group>"; };
		09D7B64329A49BB20018D1E3 /* TabBarPresentable.swift */ = {isa = PBXFileReference; lastKnownFileType = sourcecode.swift; path = TabBarPresentable.swift; sourceTree = "<group>"; };
		09D7B64629A49BF30018D1E3 /* NSObject + Extension.swift */ = {isa = PBXFileReference; lastKnownFileType = sourcecode.swift; path = "NSObject + Extension.swift"; sourceTree = "<group>"; };
		09D7B64B29A49D360018D1E3 /* BaseViewController.swift */ = {isa = PBXFileReference; lastKnownFileType = sourcecode.swift; path = BaseViewController.swift; sourceTree = "<group>"; };
		09D7B64D29A49D4B0018D1E3 /* BaseCoordinator.swift */ = {isa = PBXFileReference; lastKnownFileType = sourcecode.swift; path = BaseCoordinator.swift; sourceTree = "<group>"; };
		09D7B65229A49E180018D1E3 /* App.swift */ = {isa = PBXFileReference; lastKnownFileType = sourcecode.swift; path = App.swift; sourceTree = "<group>"; };
		09D7B65729A4A06C0018D1E3 /* AppCoordinator.swift */ = {isa = PBXFileReference; lastKnownFileType = sourcecode.swift; path = AppCoordinator.swift; sourceTree = "<group>"; };
		09D7B65C29A4A0E30018D1E3 /* Resolver.swift */ = {isa = PBXFileReference; lastKnownFileType = sourcecode.swift; path = Resolver.swift; sourceTree = "<group>"; };
		09D7B65E29A4A0F20018D1E3 /* ServiceAssembly.swift */ = {isa = PBXFileReference; lastKnownFileType = sourcecode.swift; path = ServiceAssembly.swift; sourceTree = "<group>"; };
		09D7B66029A4A1010018D1E3 /* CoordinatorAssembly.swift */ = {isa = PBXFileReference; lastKnownFileType = sourcecode.swift; path = CoordinatorAssembly.swift; sourceTree = "<group>"; };
		09D7B66229A4A1430018D1E3 /* Router.swift */ = {isa = PBXFileReference; lastKnownFileType = sourcecode.swift; path = Router.swift; sourceTree = "<group>"; };
		09D7B66A29A4AA3A0018D1E3 /* TVError.swift */ = {isa = PBXFileReference; lastKnownFileType = sourcecode.swift; path = TVError.swift; sourceTree = "<group>"; };
		09D7B66C29A4AA900018D1E3 /* Network.swift */ = {isa = PBXFileReference; lastKnownFileType = sourcecode.swift; path = Network.swift; sourceTree = "<group>"; };
		09D7B66E29A4AAAE0018D1E3 /* NetworkClient.swift */ = {isa = PBXFileReference; lastKnownFileType = sourcecode.swift; path = NetworkClient.swift; sourceTree = "<group>"; };
		09D7B67229A4AB600018D1E3 /* EndpointProtocol.swift */ = {isa = PBXFileReference; lastKnownFileType = sourcecode.swift; path = EndpointProtocol.swift; sourceTree = "<group>"; };
		09D7B67729A4B0290018D1E3 /* OnAirTvSeriesEndpoint.swift */ = {isa = PBXFileReference; lastKnownFileType = sourcecode.swift; path = OnAirTvSeriesEndpoint.swift; sourceTree = "<group>"; };
		2EA0C127E91248A027228A50 /* Pods-TVApp.release.xcconfig */ = {isa = PBXFileReference; includeInIndex = 1; lastKnownFileType = text.xcconfig; name = "Pods-TVApp.release.xcconfig"; path = "Target Support Files/Pods-TVApp/Pods-TVApp.release.xcconfig"; sourceTree = "<group>"; };
		3B5D163E7A4018A1D226F315 /* Pods_TVApp.framework */ = {isa = PBXFileReference; explicitFileType = wrapper.framework; includeInIndex = 0; path = Pods_TVApp.framework; sourceTree = BUILT_PRODUCTS_DIR; };
		D263A2A54D9375405C8872D1 /* Pods-TVApp.debug.xcconfig */ = {isa = PBXFileReference; includeInIndex = 1; lastKnownFileType = text.xcconfig; name = "Pods-TVApp.debug.xcconfig"; path = "Target Support Files/Pods-TVApp/Pods-TVApp.debug.xcconfig"; sourceTree = "<group>"; };
/* End PBXFileReference section */

/* Begin PBXFrameworksBuildPhase section */
		09D7B61F29A4982F0018D1E3 /* Frameworks */ = {
			isa = PBXFrameworksBuildPhase;
			buildActionMask = 2147483647;
			files = (
				4D5905504039024A1C898428 /* Pods_TVApp.framework in Frameworks */,
			);
			runOnlyForDeploymentPostprocessing = 0;
		};
/* End PBXFrameworksBuildPhase section */

/* Begin PBXGroup section */
		09D7B61929A4982F0018D1E3 = {
			isa = PBXGroup;
			children = (
				09D7B62429A4982F0018D1E3 /* TVApp */,
				09D7B62329A4982F0018D1E3 /* Products */,
				83CCD27DA28EDFE7F611CC4C /* Pods */,
				31A52316D21EFC1303F1DA4A /* Frameworks */,
			);
			sourceTree = "<group>";
		};
		09D7B62329A4982F0018D1E3 /* Products */ = {
			isa = PBXGroup;
			children = (
				09D7B62229A4982F0018D1E3 /* TVApp.app */,
			);
			name = Products;
			sourceTree = "<group>";
		};
		09D7B62429A4982F0018D1E3 /* TVApp */ = {
			isa = PBXGroup;
			children = (
				09D7B63929A498D30018D1E3 /* MainDelegates */,
				09D7B63A29A49B4C0018D1E3 /* Protocols */,
				09D7B64829A49CD20018D1E3 /* Base */,
				09D7B65A29A4A08E0018D1E3 /* Logic */,
				09D7B66529A4A4930018D1E3 /* Models */,
				09D7B66429A4A4870018D1E3 /* UI */,
				09D7B66629A4A49E0018D1E3 /* Networking */,
				09D7B64529A49BD80018D1E3 /* Extensions */,
				09D7B62E29A498300018D1E3 /* Assets.xcassets */,
				09D7B63029A498300018D1E3 /* LaunchScreen.storyboard */,
				09D7B63329A498300018D1E3 /* Info.plist */,
			);
			path = TVApp;
			sourceTree = "<group>";
		};
		09D7B63929A498D30018D1E3 /* MainDelegates */ = {
			isa = PBXGroup;
			children = (
				09D7B62529A4982F0018D1E3 /* AppDelegate.swift */,
				09D7B62729A4982F0018D1E3 /* SceneDelegate.swift */,
			);
			path = MainDelegates;
			sourceTree = "<group>";
		};
		09D7B63A29A49B4C0018D1E3 /* Protocols */ = {
			isa = PBXGroup;
			children = (
				09D7B63D29A49B850018D1E3 /* StoryboardLoadable.swift */,
				09D7B63F29A49B960018D1E3 /* Presentable.swift */,
				09D7B64129A49BA20018D1E3 /* Coordinator.swift */,
				09D7B64329A49BB20018D1E3 /* TabBarPresentable.swift */,
			);
			path = Protocols;
			sourceTree = "<group>";
		};
		09D7B64529A49BD80018D1E3 /* Extensions */ = {
			isa = PBXGroup;
			children = (
				09D7B64629A49BF30018D1E3 /* NSObject + Extension.swift */,
			);
			path = Extensions;
			sourceTree = "<group>";
		};
		09D7B64829A49CD20018D1E3 /* Base */ = {
			isa = PBXGroup;
			children = (
				09D7B64A29A49D1A0018D1E3 /* Coordinator */,
				09D7B64929A49D0D0018D1E3 /* ViewController */,
			);
			path = Base;
			sourceTree = "<group>";
		};
		09D7B64929A49D0D0018D1E3 /* ViewController */ = {
			isa = PBXGroup;
			children = (
				09D7B64B29A49D360018D1E3 /* BaseViewController.swift */,
			);
			path = ViewController;
			sourceTree = "<group>";
		};
		09D7B64A29A49D1A0018D1E3 /* Coordinator */ = {
			isa = PBXGroup;
			children = (
				09D7B64D29A49D4B0018D1E3 /* BaseCoordinator.swift */,
			);
			path = Coordinator;
			sourceTree = "<group>";
		};
		09D7B65129A49E060018D1E3 /* Application */ = {
			isa = PBXGroup;
			children = (
				09D7B65229A49E180018D1E3 /* App.swift */,
				09D7B65629A49E340018D1E3 /* AppCoordinator */,
				09D7B65429A49E1D0018D1E3 /* Assemblies */,
				09D7B65529A49E260018D1E3 /* Navigation */,
			);
			path = Application;
			sourceTree = "<group>";
		};
		09D7B65429A49E1D0018D1E3 /* Assemblies */ = {
			isa = PBXGroup;
			children = (
				09D7B65C29A4A0E30018D1E3 /* Resolver.swift */,
				09D7B65E29A4A0F20018D1E3 /* ServiceAssembly.swift */,
				09D7B66029A4A1010018D1E3 /* CoordinatorAssembly.swift */,
			);
			path = Assemblies;
			sourceTree = "<group>";
		};
		09D7B65529A49E260018D1E3 /* Navigation */ = {
			isa = PBXGroup;
			children = (
				09D7B66229A4A1430018D1E3 /* Router.swift */,
			);
			path = Navigation;
			sourceTree = "<group>";
		};
		09D7B65629A49E340018D1E3 /* AppCoordinator */ = {
			isa = PBXGroup;
			children = (
				09D7B65729A4A06C0018D1E3 /* AppCoordinator.swift */,
			);
			path = AppCoordinator;
			sourceTree = "<group>";
		};
		09D7B65A29A4A08E0018D1E3 /* Logic */ = {
			isa = PBXGroup;
			children = (
				09D7B65B29A4A0A00018D1E3 /* Services */,
				09D7B65129A49E060018D1E3 /* Application */,
			);
			path = Logic;
			sourceTree = "<group>";
		};
		09D7B65B29A4A0A00018D1E3 /* Services */ = {
			isa = PBXGroup;
			children = (
			);
			path = Services;
			sourceTree = "<group>";
		};
		09D7B66429A4A4870018D1E3 /* UI */ = {
			isa = PBXGroup;
			children = (
			);
			path = UI;
			sourceTree = "<group>";
		};
		09D7B66529A4A4930018D1E3 /* Models */ = {
			isa = PBXGroup;
			children = (
				09D7B67929A4B2060018D1E3 /* Responses */,
			);
			path = Models;
			sourceTree = "<group>";
		};
		09D7B66629A4A49E0018D1E3 /* Networking */ = {
			isa = PBXGroup;
			children = (
				09D7B66929A4AA1F0018D1E3 /* Network */,
				09D7B66829A4AA150018D1E3 /* Error */,
			);
			path = Networking;
			sourceTree = "<group>";
		};
		09D7B66829A4AA150018D1E3 /* Error */ = {
			isa = PBXGroup;
			children = (
				09D7B66A29A4AA3A0018D1E3 /* TVError.swift */,
			);
			path = Error;
			sourceTree = "<group>";
		};
		09D7B66929A4AA1F0018D1E3 /* Network */ = {
			isa = PBXGroup;
			children = (
				09D7B67129A4AB380018D1E3 /* Endpoints */,
				09D7B67029A4AB2E0018D1E3 /* EndpointProtocol */,
				09D7B66C29A4AA900018D1E3 /* Network.swift */,
				09D7B66E29A4AAAE0018D1E3 /* NetworkClient.swift */,
			);
			path = Network;
			sourceTree = "<group>";
		};
		09D7B67029A4AB2E0018D1E3 /* EndpointProtocol */ = {
			isa = PBXGroup;
			children = (
				09D7B67229A4AB600018D1E3 /* EndpointProtocol.swift */,
			);
			path = EndpointProtocol;
			sourceTree = "<group>";
		};
		09D7B67129A4AB380018D1E3 /* Endpoints */ = {
			isa = PBXGroup;
			children = (
				09D7B67729A4B0290018D1E3 /* OnAirTvSeriesEndpoint.swift */,
			);
			path = Endpoints;
			sourceTree = "<group>";
		};
		09D7B67929A4B2060018D1E3 /* Responses */ = {
			isa = PBXGroup;
			children = (
			);
			path = Responses;
			sourceTree = "<group>";
		};
		31A52316D21EFC1303F1DA4A /* Frameworks */ = {
			isa = PBXGroup;
			children = (
				3B5D163E7A4018A1D226F315 /* Pods_TVApp.framework */,
			);
			name = Frameworks;
			sourceTree = "<group>";
		};
		83CCD27DA28EDFE7F611CC4C /* Pods */ = {
			isa = PBXGroup;
			children = (
				D263A2A54D9375405C8872D1 /* Pods-TVApp.debug.xcconfig */,
				2EA0C127E91248A027228A50 /* Pods-TVApp.release.xcconfig */,
			);
			path = Pods;
			sourceTree = "<group>";
		};
/* End PBXGroup section */

/* Begin PBXNativeTarget section */
		09D7B62129A4982F0018D1E3 /* TVApp */ = {
			isa = PBXNativeTarget;
			buildConfigurationList = 09D7B63629A498300018D1E3 /* Build configuration list for PBXNativeTarget "TVApp" */;
			buildPhases = (
				71876DDF80A5D3E0479AD663 /* [CP] Check Pods Manifest.lock */,
				09D7B61E29A4982F0018D1E3 /* Sources */,
				09D7B61F29A4982F0018D1E3 /* Frameworks */,
				09D7B62029A4982F0018D1E3 /* Resources */,
				EEEE4CD932DEDCB48DDB4715 /* [CP] Embed Pods Frameworks */,
			);
			buildRules = (
			);
			dependencies = (
			);
			name = TVApp;
			productName = TVApp;
			productReference = 09D7B62229A4982F0018D1E3 /* TVApp.app */;
			productType = "com.apple.product-type.application";
		};
/* End PBXNativeTarget section */

/* Begin PBXProject section */
		09D7B61A29A4982F0018D1E3 /* Project object */ = {
			isa = PBXProject;
			attributes = {
				BuildIndependentTargetsInParallel = 1;
				LastSwiftUpdateCheck = 1420;
				LastUpgradeCheck = 1420;
				TargetAttributes = {
					09D7B62129A4982F0018D1E3 = {
						CreatedOnToolsVersion = 14.2;
					};
				};
			};
			buildConfigurationList = 09D7B61D29A4982F0018D1E3 /* Build configuration list for PBXProject "TVApp" */;
			compatibilityVersion = "Xcode 13.0";
			developmentRegion = en;
			hasScannedForEncodings = 0;
			knownRegions = (
				en,
				Base,
			);
			mainGroup = 09D7B61929A4982F0018D1E3;
			productRefGroup = 09D7B62329A4982F0018D1E3 /* Products */;
			projectDirPath = "";
			projectRoot = "";
			targets = (
				09D7B62129A4982F0018D1E3 /* TVApp */,
			);
		};
/* End PBXProject section */

/* Begin PBXResourcesBuildPhase section */
		09D7B62029A4982F0018D1E3 /* Resources */ = {
			isa = PBXResourcesBuildPhase;
			buildActionMask = 2147483647;
			files = (
				09D7B63229A498300018D1E3 /* LaunchScreen.storyboard in Resources */,
				09D7B62F29A498300018D1E3 /* Assets.xcassets in Resources */,
			);
			runOnlyForDeploymentPostprocessing = 0;
		};
/* End PBXResourcesBuildPhase section */

/* Begin PBXShellScriptBuildPhase section */
		71876DDF80A5D3E0479AD663 /* [CP] Check Pods Manifest.lock */ = {
			isa = PBXShellScriptBuildPhase;
			buildActionMask = 2147483647;
			files = (
			);
			inputFileListPaths = (
			);
			inputPaths = (
				"${PODS_PODFILE_DIR_PATH}/Podfile.lock",
				"${PODS_ROOT}/Manifest.lock",
			);
			name = "[CP] Check Pods Manifest.lock";
			outputFileListPaths = (
			);
			outputPaths = (
				"$(DERIVED_FILE_DIR)/Pods-TVApp-checkManifestLockResult.txt",
			);
			runOnlyForDeploymentPostprocessing = 0;
			shellPath = /bin/sh;
			shellScript = "diff \"${PODS_PODFILE_DIR_PATH}/Podfile.lock\" \"${PODS_ROOT}/Manifest.lock\" > /dev/null\nif [ $? != 0 ] ; then\n    # print error to STDERR\n    echo \"error: The sandbox is not in sync with the Podfile.lock. Run 'pod install' or update your CocoaPods installation.\" >&2\n    exit 1\nfi\n# This output is used by Xcode 'outputs' to avoid re-running this script phase.\necho \"SUCCESS\" > \"${SCRIPT_OUTPUT_FILE_0}\"\n";
			showEnvVarsInLog = 0;
		};
		EEEE4CD932DEDCB48DDB4715 /* [CP] Embed Pods Frameworks */ = {
			isa = PBXShellScriptBuildPhase;
			buildActionMask = 2147483647;
			files = (
			);
			inputFileListPaths = (
				"${PODS_ROOT}/Target Support Files/Pods-TVApp/Pods-TVApp-frameworks-${CONFIGURATION}-input-files.xcfilelist",
			);
			name = "[CP] Embed Pods Frameworks";
			outputFileListPaths = (
				"${PODS_ROOT}/Target Support Files/Pods-TVApp/Pods-TVApp-frameworks-${CONFIGURATION}-output-files.xcfilelist",
			);
			runOnlyForDeploymentPostprocessing = 0;
			shellPath = /bin/sh;
			shellScript = "\"${PODS_ROOT}/Target Support Files/Pods-TVApp/Pods-TVApp-frameworks.sh\"\n";
			showEnvVarsInLog = 0;
		};
/* End PBXShellScriptBuildPhase section */

/* Begin PBXSourcesBuildPhase section */
		09D7B61E29A4982F0018D1E3 /* Sources */ = {
			isa = PBXSourcesBuildPhase;
			buildActionMask = 2147483647;
			files = (
				09D7B67329A4AB600018D1E3 /* EndpointProtocol.swift in Sources */,
				09D7B65829A4A06C0018D1E3 /* AppCoordinator.swift in Sources */,
				09D7B65F29A4A0F20018D1E3 /* ServiceAssembly.swift in Sources */,
				09D7B64729A49BF30018D1E3 /* NSObject + Extension.swift in Sources */,
				09D7B64E29A49D4B0018D1E3 /* BaseCoordinator.swift in Sources */,
				09D7B65D29A4A0E30018D1E3 /* Resolver.swift in Sources */,
				09D7B66F29A4AAAE0018D1E3 /* NetworkClient.swift in Sources */,
				09D7B62629A4982F0018D1E3 /* AppDelegate.swift in Sources */,
				09D7B66129A4A1010018D1E3 /* CoordinatorAssembly.swift in Sources */,
				09D7B66329A4A1430018D1E3 /* Router.swift in Sources */,
				09D7B67829A4B0290018D1E3 /* OnAirTvSeriesEndpoint.swift in Sources */,
				09D7B65329A49E180018D1E3 /* App.swift in Sources */,
				09D7B64429A49BB20018D1E3 /* TabBarPresentable.swift in Sources */,
				09D7B66D29A4AA900018D1E3 /* Network.swift in Sources */,
				09D7B64029A49B960018D1E3 /* Presentable.swift in Sources */,
				09D7B64229A49BA20018D1E3 /* Coordinator.swift in Sources */,
				09D7B66B29A4AA3A0018D1E3 /* TVError.swift in Sources */,
				09D7B64C29A49D360018D1E3 /* BaseViewController.swift in Sources */,
				09D7B63E29A49B850018D1E3 /* StoryboardLoadable.swift in Sources */,
				09D7B62829A4982F0018D1E3 /* SceneDelegate.swift in Sources */,
			);
			runOnlyForDeploymentPostprocessing = 0;
		};
/* End PBXSourcesBuildPhase section */

/* Begin PBXVariantGroup section */
		09D7B63029A498300018D1E3 /* LaunchScreen.storyboard */ = {
			isa = PBXVariantGroup;
			children = (
				09D7B63129A498300018D1E3 /* Base */,
			);
			name = LaunchScreen.storyboard;
			sourceTree = "<group>";
		};
/* End PBXVariantGroup section */

/* Begin XCBuildConfiguration section */
		09D7B63429A498300018D1E3 /* Debug */ = {
			isa = XCBuildConfiguration;
			buildSettings = {
				ALWAYS_SEARCH_USER_PATHS = NO;
				CLANG_ANALYZER_NONNULL = YES;
				CLANG_ANALYZER_NUMBER_OBJECT_CONVERSION = YES_AGGRESSIVE;
				CLANG_CXX_LANGUAGE_STANDARD = "gnu++20";
				CLANG_ENABLE_MODULES = YES;
				CLANG_ENABLE_OBJC_ARC = YES;
				CLANG_ENABLE_OBJC_WEAK = YES;
				CLANG_WARN_BLOCK_CAPTURE_AUTORELEASING = YES;
				CLANG_WARN_BOOL_CONVERSION = YES;
				CLANG_WARN_COMMA = YES;
				CLANG_WARN_CONSTANT_CONVERSION = YES;
				CLANG_WARN_DEPRECATED_OBJC_IMPLEMENTATIONS = YES;
				CLANG_WARN_DIRECT_OBJC_ISA_USAGE = YES_ERROR;
				CLANG_WARN_DOCUMENTATION_COMMENTS = YES;
				CLANG_WARN_EMPTY_BODY = YES;
				CLANG_WARN_ENUM_CONVERSION = YES;
				CLANG_WARN_INFINITE_RECURSION = YES;
				CLANG_WARN_INT_CONVERSION = YES;
				CLANG_WARN_NON_LITERAL_NULL_CONVERSION = YES;
				CLANG_WARN_OBJC_IMPLICIT_RETAIN_SELF = YES;
				CLANG_WARN_OBJC_LITERAL_CONVERSION = YES;
				CLANG_WARN_OBJC_ROOT_CLASS = YES_ERROR;
				CLANG_WARN_QUOTED_INCLUDE_IN_FRAMEWORK_HEADER = YES;
				CLANG_WARN_RANGE_LOOP_ANALYSIS = YES;
				CLANG_WARN_STRICT_PROTOTYPES = YES;
				CLANG_WARN_SUSPICIOUS_MOVE = YES;
				CLANG_WARN_UNGUARDED_AVAILABILITY = YES_AGGRESSIVE;
				CLANG_WARN_UNREACHABLE_CODE = YES;
				CLANG_WARN__DUPLICATE_METHOD_MATCH = YES;
				COPY_PHASE_STRIP = NO;
				DEBUG_INFORMATION_FORMAT = dwarf;
				ENABLE_STRICT_OBJC_MSGSEND = YES;
				ENABLE_TESTABILITY = YES;
				GCC_C_LANGUAGE_STANDARD = gnu11;
				GCC_DYNAMIC_NO_PIC = NO;
				GCC_NO_COMMON_BLOCKS = YES;
				GCC_OPTIMIZATION_LEVEL = 0;
				GCC_PREPROCESSOR_DEFINITIONS = (
					"DEBUG=1",
					"$(inherited)",
				);
				GCC_WARN_64_TO_32_BIT_CONVERSION = YES;
				GCC_WARN_ABOUT_RETURN_TYPE = YES_ERROR;
				GCC_WARN_UNDECLARED_SELECTOR = YES;
				GCC_WARN_UNINITIALIZED_AUTOS = YES_AGGRESSIVE;
				GCC_WARN_UNUSED_FUNCTION = YES;
				GCC_WARN_UNUSED_VARIABLE = YES;
				IPHONEOS_DEPLOYMENT_TARGET = 16.2;
				MTL_ENABLE_DEBUG_INFO = INCLUDE_SOURCE;
				MTL_FAST_MATH = YES;
				ONLY_ACTIVE_ARCH = YES;
				SDKROOT = iphoneos;
				SWIFT_ACTIVE_COMPILATION_CONDITIONS = DEBUG;
				SWIFT_OPTIMIZATION_LEVEL = "-Onone";
			};
			name = Debug;
		};
		09D7B63529A498300018D1E3 /* Release */ = {
			isa = XCBuildConfiguration;
			buildSettings = {
				ALWAYS_SEARCH_USER_PATHS = NO;
				CLANG_ANALYZER_NONNULL = YES;
				CLANG_ANALYZER_NUMBER_OBJECT_CONVERSION = YES_AGGRESSIVE;
				CLANG_CXX_LANGUAGE_STANDARD = "gnu++20";
				CLANG_ENABLE_MODULES = YES;
				CLANG_ENABLE_OBJC_ARC = YES;
				CLANG_ENABLE_OBJC_WEAK = YES;
				CLANG_WARN_BLOCK_CAPTURE_AUTORELEASING = YES;
				CLANG_WARN_BOOL_CONVERSION = YES;
				CLANG_WARN_COMMA = YES;
				CLANG_WARN_CONSTANT_CONVERSION = YES;
				CLANG_WARN_DEPRECATED_OBJC_IMPLEMENTATIONS = YES;
				CLANG_WARN_DIRECT_OBJC_ISA_USAGE = YES_ERROR;
				CLANG_WARN_DOCUMENTATION_COMMENTS = YES;
				CLANG_WARN_EMPTY_BODY = YES;
				CLANG_WARN_ENUM_CONVERSION = YES;
				CLANG_WARN_INFINITE_RECURSION = YES;
				CLANG_WARN_INT_CONVERSION = YES;
				CLANG_WARN_NON_LITERAL_NULL_CONVERSION = YES;
				CLANG_WARN_OBJC_IMPLICIT_RETAIN_SELF = YES;
				CLANG_WARN_OBJC_LITERAL_CONVERSION = YES;
				CLANG_WARN_OBJC_ROOT_CLASS = YES_ERROR;
				CLANG_WARN_QUOTED_INCLUDE_IN_FRAMEWORK_HEADER = YES;
				CLANG_WARN_RANGE_LOOP_ANALYSIS = YES;
				CLANG_WARN_STRICT_PROTOTYPES = YES;
				CLANG_WARN_SUSPICIOUS_MOVE = YES;
				CLANG_WARN_UNGUARDED_AVAILABILITY = YES_AGGRESSIVE;
				CLANG_WARN_UNREACHABLE_CODE = YES;
				CLANG_WARN__DUPLICATE_METHOD_MATCH = YES;
				COPY_PHASE_STRIP = NO;
				DEBUG_INFORMATION_FORMAT = "dwarf-with-dsym";
				ENABLE_NS_ASSERTIONS = NO;
				ENABLE_STRICT_OBJC_MSGSEND = YES;
				GCC_C_LANGUAGE_STANDARD = gnu11;
				GCC_NO_COMMON_BLOCKS = YES;
				GCC_WARN_64_TO_32_BIT_CONVERSION = YES;
				GCC_WARN_ABOUT_RETURN_TYPE = YES_ERROR;
				GCC_WARN_UNDECLARED_SELECTOR = YES;
				GCC_WARN_UNINITIALIZED_AUTOS = YES_AGGRESSIVE;
				GCC_WARN_UNUSED_FUNCTION = YES;
				GCC_WARN_UNUSED_VARIABLE = YES;
				IPHONEOS_DEPLOYMENT_TARGET = 16.2;
				MTL_ENABLE_DEBUG_INFO = NO;
				MTL_FAST_MATH = YES;
				SDKROOT = iphoneos;
				SWIFT_COMPILATION_MODE = wholemodule;
				SWIFT_OPTIMIZATION_LEVEL = "-O";
				VALIDATE_PRODUCT = YES;
			};
			name = Release;
		};
		09D7B63729A498300018D1E3 /* Debug */ = {
			isa = XCBuildConfiguration;
			baseConfigurationReference = D263A2A54D9375405C8872D1 /* Pods-TVApp.debug.xcconfig */;
			buildSettings = {
				ASSETCATALOG_COMPILER_APPICON_NAME = AppIcon;
				ASSETCATALOG_COMPILER_GLOBAL_ACCENT_COLOR_NAME = AccentColor;
				CODE_SIGN_STYLE = Automatic;
				CURRENT_PROJECT_VERSION = 1;
				DEVELOPMENT_TEAM = XZ3GM4S56F;
				GENERATE_INFOPLIST_FILE = YES;
				INFOPLIST_FILE = TVApp/Info.plist;
				INFOPLIST_KEY_UIApplicationSupportsIndirectInputEvents = YES;
				INFOPLIST_KEY_UILaunchStoryboardName = LaunchScreen;
				INFOPLIST_KEY_UIMainStoryboardFile = Main;
				INFOPLIST_KEY_UISupportedInterfaceOrientations_iPad = "UIInterfaceOrientationPortrait UIInterfaceOrientationPortraitUpsideDown UIInterfaceOrientationLandscapeLeft UIInterfaceOrientationLandscapeRight";
				INFOPLIST_KEY_UISupportedInterfaceOrientations_iPhone = "UIInterfaceOrientationPortrait UIInterfaceOrientationLandscapeLeft UIInterfaceOrientationLandscapeRight";
				LD_RUNPATH_SEARCH_PATHS = (
					"$(inherited)",
					"@executable_path/Frameworks",
				);
				MARKETING_VERSION = 1.0;
				PRODUCT_BUNDLE_IDENTIFIER = shotikoKlibadze.TVApp;
				PRODUCT_NAME = "$(TARGET_NAME)";
				SWIFT_EMIT_LOC_STRINGS = YES;
				SWIFT_VERSION = 5.0;
				TARGETED_DEVICE_FAMILY = "1,2";
			};
			name = Debug;
		};
		09D7B63829A498300018D1E3 /* Release */ = {
			isa = XCBuildConfiguration;
			baseConfigurationReference = 2EA0C127E91248A027228A50 /* Pods-TVApp.release.xcconfig */;
			buildSettings = {
				ASSETCATALOG_COMPILER_APPICON_NAME = AppIcon;
				ASSETCATALOG_COMPILER_GLOBAL_ACCENT_COLOR_NAME = AccentColor;
				CODE_SIGN_STYLE = Automatic;
				CURRENT_PROJECT_VERSION = 1;
				DEVELOPMENT_TEAM = XZ3GM4S56F;
				GENERATE_INFOPLIST_FILE = YES;
				INFOPLIST_FILE = TVApp/Info.plist;
				INFOPLIST_KEY_UIApplicationSupportsIndirectInputEvents = YES;
				INFOPLIST_KEY_UILaunchStoryboardName = LaunchScreen;
				INFOPLIST_KEY_UIMainStoryboardFile = Main;
				INFOPLIST_KEY_UISupportedInterfaceOrientations_iPad = "UIInterfaceOrientationPortrait UIInterfaceOrientationPortraitUpsideDown UIInterfaceOrientationLandscapeLeft UIInterfaceOrientationLandscapeRight";
				INFOPLIST_KEY_UISupportedInterfaceOrientations_iPhone = "UIInterfaceOrientationPortrait UIInterfaceOrientationLandscapeLeft UIInterfaceOrientationLandscapeRight";
				LD_RUNPATH_SEARCH_PATHS = (
					"$(inherited)",
					"@executable_path/Frameworks",
				);
				MARKETING_VERSION = 1.0;
				PRODUCT_BUNDLE_IDENTIFIER = shotikoKlibadze.TVApp;
				PRODUCT_NAME = "$(TARGET_NAME)";
				SWIFT_EMIT_LOC_STRINGS = YES;
				SWIFT_VERSION = 5.0;
				TARGETED_DEVICE_FAMILY = "1,2";
			};
			name = Release;
		};
/* End XCBuildConfiguration section */

/* Begin XCConfigurationList section */
		09D7B61D29A4982F0018D1E3 /* Build configuration list for PBXProject "TVApp" */ = {
			isa = XCConfigurationList;
			buildConfigurations = (
				09D7B63429A498300018D1E3 /* Debug */,
				09D7B63529A498300018D1E3 /* Release */,
			);
			defaultConfigurationIsVisible = 0;
			defaultConfigurationName = Release;
		};
		09D7B63629A498300018D1E3 /* Build configuration list for PBXNativeTarget "TVApp" */ = {
			isa = XCConfigurationList;
			buildConfigurations = (
				09D7B63729A498300018D1E3 /* Debug */,
				09D7B63829A498300018D1E3 /* Release */,
			);
			defaultConfigurationIsVisible = 0;
			defaultConfigurationName = Release;
		};
/* End XCConfigurationList section */
	};
	rootObject = 09D7B61A29A4982F0018D1E3 /* Project object */;
}
